// !$*UTF8*$!
{
	archiveVersion = 1;
	classes = {
	};
	objectVersion = 46;
	objects = {

/* Begin PBXBuildFile section */
		A2FA0EA11B0C294D0010902C /* main.swift in Sources */ = {isa = PBXBuildFile; fileRef = A2FA0EA01B0C294D0010902C /* main.swift */; };
		A2FA0EA81B0C2B590010902C /* utils.swift in Sources */ = {isa = PBXBuildFile; fileRef = A2FA0EA71B0C2B590010902C /* utils.swift */; };
		A2FA0EAA1B0C379A0010902C /* files.swift in Sources */ = {isa = PBXBuildFile; fileRef = A2FA0EA91B0C379A0010902C /* files.swift */; };
		A2FA0EAE1B0C3B190010902C /* File.swift in Sources */ = {isa = PBXBuildFile; fileRef = A2FA0EAD1B0C3B190010902C /* File.swift */; };
		A2FA0EB01B0CE58C0010902C /* print.swift in Sources */ = {isa = PBXBuildFile; fileRef = A2FA0EAF1B0CE58C0010902C /* print.swift */; };
/* End PBXBuildFile section */

/* Begin PBXCopyFilesBuildPhase section */
		A2FA0E9B1B0C294D0010902C /* CopyFiles */ = {
			isa = PBXCopyFilesBuildPhase;
			buildActionMask = 2147483647;
			dstPath = /usr/share/man/man1/;
			dstSubfolderSpec = 0;
			files = (
			);
			runOnlyForDeploymentPostprocessing = 1;
		};
/* End PBXCopyFilesBuildPhase section */

/* Begin PBXFileReference section */
		A2FA0E9D1B0C294D0010902C /* swiftstats */ = {isa = PBXFileReference; explicitFileType = "compiled.mach-o.executable"; includeInIndex = 0; path = swiftstats; sourceTree = BUILT_PRODUCTS_DIR; };
		A2FA0EA01B0C294D0010902C /* main.swift */ = {isa = PBXFileReference; lastKnownFileType = sourcecode.swift; path = main.swift; sourceTree = "<group>"; };
		A2FA0EA71B0C2B590010902C /* utils.swift */ = {isa = PBXFileReference; fileEncoding = 4; lastKnownFileType = sourcecode.swift; path = utils.swift; sourceTree = "<group>"; };
		A2FA0EA91B0C379A0010902C /* files.swift */ = {isa = PBXFileReference; fileEncoding = 4; lastKnownFileType = sourcecode.swift; path = files.swift; sourceTree = "<group>"; };
		A2FA0EAD1B0C3B190010902C /* File.swift */ = {isa = PBXFileReference; fileEncoding = 4; lastKnownFileType = sourcecode.swift; path = File.swift; sourceTree = "<group>"; };
		A2FA0EAF1B0CE58C0010902C /* print.swift */ = {isa = PBXFileReference; fileEncoding = 4; lastKnownFileType = sourcecode.swift; path = print.swift; sourceTree = "<group>"; };
/* End PBXFileReference section */

/* Begin PBXFrameworksBuildPhase section */
		A2FA0E9A1B0C294D0010902C /* Frameworks */ = {
			isa = PBXFrameworksBuildPhase;
			buildActionMask = 2147483647;
			files = (
			);
			runOnlyForDeploymentPostprocessing = 0;
		};
/* End PBXFrameworksBuildPhase section */

/* Begin PBXGroup section */
		A2FA0E941B0C294D0010902C = {
			isa = PBXGroup;
			children = (
				A2FA0E9F1B0C294D0010902C /* SwiftStatistics */,
				A2FA0E9E1B0C294D0010902C /* Products */,
			);
			sourceTree = "<group>";
		};
		A2FA0E9E1B0C294D0010902C /* Products */ = {
			isa = PBXGroup;
			children = (
				A2FA0E9D1B0C294D0010902C /* swiftstats */,
			);
			name = Products;
			sourceTree = "<group>";
		};
		A2FA0E9F1B0C294D0010902C /* SwiftStatistics */ = {
			isa = PBXGroup;
			children = (
				A2FA0EA01B0C294D0010902C /* main.swift */,
				A2FA0EA71B0C2B590010902C /* utils.swift */,
				A2FA0EA91B0C379A0010902C /* files.swift */,
				A2FA0EAF1B0CE58C0010902C /* print.swift */,
				A2FA0EAD1B0C3B190010902C /* File.swift */,
			);
			path = SwiftStatistics;
			sourceTree = "<group>";
		};
/* End PBXGroup section */

/* Begin PBXNativeTarget section */
		A2FA0E9C1B0C294D0010902C /* SwiftStatistics */ = {
			isa = PBXNativeTarget;
			buildConfigurationList = A2FA0EA41B0C294D0010902C /* Build configuration list for PBXNativeTarget "SwiftStatistics" */;
			buildPhases = (
				A2FA0E991B0C294D0010902C /* Sources */,
				A2FA0E9A1B0C294D0010902C /* Frameworks */,
				A2FA0E9B1B0C294D0010902C /* CopyFiles */,
			);
			buildRules = (
			);
			dependencies = (
			);
			name = SwiftStatistics;
			productName = SwiftStatistics;
			productReference = A2FA0E9D1B0C294D0010902C /* swiftstats */;
			productType = "com.apple.product-type.tool";
		};
/* End PBXNativeTarget section */

/* Begin PBXProject section */
		A2FA0E951B0C294D0010902C /* Project object */ = {
			isa = PBXProject;
			attributes = {
				LastUpgradeCheck = 0630;
				ORGANIZATIONNAME = Skyvive;
				TargetAttributes = {
					A2FA0E9C1B0C294D0010902C = {
						CreatedOnToolsVersion = 6.3.1;
					};
				};
			};
			buildConfigurationList = A2FA0E981B0C294D0010902C /* Build configuration list for PBXProject "SwiftStatistics" */;
			compatibilityVersion = "Xcode 3.2";
			developmentRegion = English;
			hasScannedForEncodings = 0;
			knownRegions = (
				en,
			);
			mainGroup = A2FA0E941B0C294D0010902C;
			productRefGroup = A2FA0E9E1B0C294D0010902C /* Products */;
			projectDirPath = "";
			projectRoot = "";
			targets = (
				A2FA0E9C1B0C294D0010902C /* SwiftStatistics */,
			);
		};
/* End PBXProject section */

/* Begin PBXSourcesBuildPhase section */
		A2FA0E991B0C294D0010902C /* Sources */ = {
			isa = PBXSourcesBuildPhase;
			buildActionMask = 2147483647;
			files = (
				A2FA0EAE1B0C3B190010902C /* File.swift in Sources */,
				A2FA0EB01B0CE58C0010902C /* print.swift in Sources */,
				A2FA0EA11B0C294D0010902C /* main.swift in Sources */,
				A2FA0EA81B0C2B590010902C /* utils.swift in Sources */,
				A2FA0EAA1B0C379A0010902C /* files.swift in Sources */,
			);
			runOnlyForDeploymentPostprocessing = 0;
		};
/* End PBXSourcesBuildPhase section */

/* Begin XCBuildConfiguration section */
		A2FA0EA21B0C294D0010902C /* Debug */ = {
			isa = XCBuildConfiguration;
			buildSettings = {
				ALWAYS_SEARCH_USER_PATHS = NO;
				CLANG_CXX_LANGUAGE_STANDARD = "gnu++0x";
				CLANG_CXX_LIBRARY = "libc++";
				CLANG_ENABLE_MODULES = YES;
				CLANG_ENABLE_OBJC_ARC = YES;
				CLANG_WARN_BOOL_CONVERSION = YES;
				CLANG_WARN_CONSTANT_CONVERSION = YES;
				CLANG_WARN_DIRECT_OBJC_ISA_USAGE = YES_ERROR;
				CLANG_WARN_EMPTY_BODY = YES;
				CLANG_WARN_ENUM_CONVERSION = YES;
				CLANG_WARN_INT_CONVERSION = YES;
				CLANG_WARN_OBJC_ROOT_CLASS = YES_ERROR;
				CLANG_WARN_UNREACHABLE_CODE = YES;
				CLANG_WARN__DUPLICATE_METHOD_MATCH = YES;
				COPY_PHASE_STRIP = NO;
				DEBUG_INFORMATION_FORMAT = dwarf;
				ENABLE_STRICT_OBJC_MSGSEND = YES;
				GCC_C_LANGUAGE_STANDARD = gnu99;
				GCC_DYNAMIC_NO_PIC = NO;
				GCC_NO_COMMON_BLOCKS = YES;
				GCC_OPTIMIZATION_LEVEL = 0;
				GCC_PREPROCESSOR_DEFINITIONS = (
					"DEBUG=1",
					"$(inherited)",
				);
				GCC_SYMBOLS_PRIVATE_EXTERN = NO;
				GCC_WARN_64_TO_32_BIT_CONVERSION = YES;
				GCC_WARN_ABOUT_RETURN_TYPE = YES_ERROR;
				GCC_WARN_UNDECLARED_SELECTOR = YES;
				GCC_WARN_UNINITIALIZED_AUTOS = YES_AGGRESSIVE;
				GCC_WARN_UNUSED_FUNCTION = YES;
				GCC_WARN_UNUSED_VARIABLE = YES;
				MACOSX_DEPLOYMENT_TARGET = 10.10;
				MTL_ENABLE_DEBUG_INFO = YES;
				ONLY_ACTIVE_ARCH = YES;
				SDKROOT = macosx;
				SWIFT_OPTIMIZATION_LEVEL = "-Onone";
			};
			name = Debug;
		};
		A2FA0EA31B0C294D0010902C /* Release */ = {
			isa = XCBuildConfiguration;
			buildSettings = {
				ALWAYS_SEARCH_USER_PATHS = NO;
				CLANG_CXX_LANGUAGE_STANDARD = "gnu++0x";
				CLANG_CXX_LIBRARY = "libc++";
				CLANG_ENABLE_MODULES = YES;
				CLANG_ENABLE_OBJC_ARC = YES;
				CLANG_WARN_BOOL_CONVERSION = YES;
				CLANG_WARN_CONSTANT_CONVERSION = YES;
				CLANG_WARN_DIRECT_OBJC_ISA_USAGE = YES_ERROR;
				CLANG_WARN_EMPTY_BODY = YES;
				CLANG_WARN_ENUM_CONVERSION = YES;
				CLANG_WARN_INT_CONVERSION = YES;
				CLANG_WARN_OBJC_ROOT_CLASS = YES_ERROR;
				CLANG_WARN_UNREACHABLE_CODE = YES;
				CLANG_WARN__DUPLICATE_METHOD_MATCH = YES;
				COPY_PHASE_STRIP = NO;
				DEBUG_INFORMATION_FORMAT = "dwarf-with-dsym";
				ENABLE_NS_ASSERTIONS = NO;
				ENABLE_STRICT_OBJC_MSGSEND = YES;
				GCC_C_LANGUAGE_STANDARD = gnu99;
				GCC_NO_COMMON_BLOCKS = YES;
				GCC_WARN_64_TO_32_BIT_CONVERSION = YES;
				GCC_WARN_ABOUT_RETURN_TYPE = YES_ERROR;
				GCC_WARN_UNDECLARED_SELECTOR = YES;
				GCC_WARN_UNINITIALIZED_AUTOS = YES_AGGRESSIVE;
				GCC_WARN_UNUSED_FUNCTION = YES;
				GCC_WARN_UNUSED_VARIABLE = YES;
				MACOSX_DEPLOYMENT_TARGET = 10.10;
				MTL_ENABLE_DEBUG_INFO = NO;
				SDKROOT = macosx;
			};
			name = Release;
		};
		A2FA0EA51B0C294D0010902C /* Debug */ = {
			isa = XCBuildConfiguration;
			buildSettings = {
				PRODUCT_NAME = swiftstats;
			};
			name = Debug;
		};
		A2FA0EA61B0C294D0010902C /* Release */ = {
			isa = XCBuildConfiguration;
			buildSettings = {
				PRODUCT_NAME = swiftstats;
			};
			name = Release;
		};
/* End XCBuildConfiguration section */

/* Begin XCConfigurationList section */
		A2FA0E981B0C294D0010902C /* Build configuration list for PBXProject "SwiftStatistics" */ = {
			isa = XCConfigurationList;
			buildConfigurations = (
				A2FA0EA21B0C294D0010902C /* Debug */,
				A2FA0EA31B0C294D0010902C /* Release */,
			);
			defaultConfigurationIsVisible = 0;
			defaultConfigurationName = Release;
		};
		A2FA0EA41B0C294D0010902C /* Build configuration list for PBXNativeTarget "SwiftStatistics" */ = {
			isa = XCConfigurationList;
			buildConfigurations = (
				A2FA0EA51B0C294D0010902C /* Debug */,
				A2FA0EA61B0C294D0010902C /* Release */,
			);
			defaultConfigurationIsVisible = 0;
		};
/* End XCConfigurationList section */
	};
	rootObject = A2FA0E951B0C294D0010902C /* Project object */;
}
